
Microsoft Visual Studio Solution File, Format Version 12.00
# Visual Studio Version 17
VisualStudioVersion = 17.2.32630.192
MinimumVisualStudioVersion = 10.0.40219.1
Project("{F2A71F9B-5D33-465A-A702-920D77279786}") = "D1", "D1\D1.fsproj", "{433F7B48-E9A9-4C6F-9B31-AF4F962E455D}"
EndProject
Project("{F2A71F9B-5D33-465A-A702-920D77279786}") = "ShTTY", "ShTTY\ShTTY.fsproj", "{48E335D2-9070-45AB-BAC8-022225756584}"
EndProject
Project("{F2A71F9B-5D33-465A-A702-920D77279786}") = "TestShTTY", "TestShTTY\TestShTTY.fsproj", "{DA15C5DC-7CD6-4DE5-909B-5AFC70BA1615}"
EndProject
Project("{F2A71F9B-5D33-465A-A702-920D77279786}") = "Tools", "Tools\Tools.fsproj", "{DBD51197-05C2-406D-A231-2CAC4721C516}"
EndProject
Project("{F2A71F9B-5D33-465A-A702-920D77279786}") = "SomeTests", "SomeTests\SomeTests.fsproj", "{CA765A58-450D-4D31-968E-B73314DCC036}"
EndProject
Project("{F2A71F9B-5D33-465A-A702-920D77279786}") = "D2", "D2\D2.fsproj", "{5606A007-4585-466B-A8A1-F0676839B989}"
EndProject
Project("{F2A71F9B-5D33-465A-A702-920D77279786}") = "GUITools", "GUITools\GUITools.fsproj", "{93A93C79-788E-4C83-9FEC-BD4EEE376431}"
EndProject
Project("{F2A71F9B-5D33-465A-A702-920D77279786}") = "FImage", "FImage\FImage.fsproj", "{F4888882-D567-496C-AF25-911FA21A0EDE}"
EndProject
Global
	GlobalSection(SolutionConfigurationPlatforms) = preSolution
		Debug|Any CPU = Debug|Any CPU
		Release|Any CPU = Release|Any CPU
	EndGlobalSection
	GlobalSection(ProjectConfigurationPlatforms) = postSolution
		{433F7B48-E9A9-4C6F-9B31-AF4F962E455D}.Debug|Any CPU.ActiveCfg = Debug|Any CPU
		{433F7B48-E9A9-4C6F-9B31-AF4F962E455D}.Debug|Any CPU.Build.0 = Debug|Any CPU
		{433F7B48-E9A9-4C6F-9B31-AF4F962E455D}.Release|Any CPU.ActiveCfg = Release|Any CPU
		{433F7B48-E9A9-4C6F-9B31-AF4F962E455D}.Release|Any CPU.Build.0 = Release|Any CPU
		{48E335D2-9070-45AB-BAC8-022225756584}.Debug|Any CPU.ActiveCfg = Debug|Any CPU
		{48E335D2-9070-45AB-BAC8-022225756584}.Debug|Any CPU.Build.0 = Debug|Any CPU
		{48E335D2-9070-45AB-BAC8-022225756584}.Release|Any CPU.ActiveCfg = Release|Any CPU
		{48E335D2-9070-45AB-BAC8-022225756584}.Release|Any CPU.Build.0 = Release|Any CPU
		{DA15C5DC-7CD6-4DE5-909B-5AFC70BA1615}.Debug|Any CPU.ActiveCfg = Debug|Any CPU
		{DA15C5DC-7CD6-4DE5-909B-5AFC70BA1615}.Debug|Any CPU.Build.0 = Debug|Any CPU
		{DA15C5DC-7CD6-4DE5-909B-5AFC70BA1615}.Release|Any CPU.ActiveCfg = Release|Any CPU
		{DA15C5DC-7CD6-4DE5-909B-5AFC70BA1615}.Release|Any CPU.Build.0 = Release|Any CPU
		{DBD51197-05C2-406D-A231-2CAC4721C516}.Debug|Any CPU.ActiveCfg = Debug|Any CPU
		{DBD51197-05C2-406D-A231-2CAC4721C516}.Debug|Any CPU.Build.0 = Debug|Any CPU
		{DBD51197-05C2-406D-A231-2CAC4721C516}.Release|Any CPU.ActiveCfg = Release|Any CPU
		{DBD51197-05C2-406D-A231-2CAC4721C516}.Release|Any CPU.Build.0 = Release|Any CPU
		{CA765A58-450D-4D31-968E-B73314DCC036}.Debug|Any CPU.ActiveCfg = Debug|Any CPU
		{CA765A58-450D-4D31-968E-B73314DCC036}.Debug|Any CPU.Build.0 = Debug|Any CPU
		{CA765A58-450D-4D31-968E-B73314DCC036}.Release|Any CPU.ActiveCfg = Release|Any CPU
		{CA765A58-450D-4D31-968E-B73314DCC036}.Release|Any CPU.Build.0 = Release|Any CPU
		{5606A007-4585-466B-A8A1-F0676839B989}.Debug|Any CPU.ActiveCfg = Debug|Any CPU
		{5606A007-4585-466B-A8A1-F0676839B989}.Debug|Any CPU.Build.0 = Debug|Any CPU
		{5606A007-4585-466B-A8A1-F0676839B989}.Release|Any CPU.ActiveCfg = Release|Any CPU
		{5606A007-4585-466B-A8A1-F0676839B989}.Release|Any CPU.Build.0 = Release|Any CPU
		{93A93C79-788E-4C83-9FEC-BD4EEE376431}.Debug|Any CPU.ActiveCfg = Debug|Any CPU
		{93A93C79-788E-4C83-9FEC-BD4EEE376431}.Debug|Any CPU.Build.0 = Debug|Any CPU
		{93A93C79-788E-4C83-9FEC-BD4EEE376431}.Release|Any CPU.ActiveCfg = Release|Any CPU
		{93A93C79-788E-4C83-9FEC-BD4EEE376431}.Release|Any CPU.Build.0 = Release|Any CPU
		{F4888882-D567-496C-AF25-911FA21A0EDE}.Debug|Any CPU.ActiveCfg = Debug|Any CPU
		{F4888882-D567-496C-AF25-911FA21A0EDE}.Debug|Any CPU.Build.0 = Debug|Any CPU
		{F4888882-D567-496C-AF25-911FA21A0EDE}.Release|Any CPU.ActiveCfg = Release|Any CPU
		{F4888882-D567-496C-AF25-911FA21A0EDE}.Release|Any CPU.Build.0 = Release|Any CPU
	EndGlobalSection
	GlobalSection(SolutionProperties) = preSolution
		HideSolutionNode = FALSE
	EndGlobalSection
	GlobalSection(ExtensibilityGlobals) = postSolution
		SolutionGuid = {639EC94A-D1A4-4972-9614-DFACEAE5A48F}
	EndGlobalSection
EndGlobal
